lockfileVersion: '6.0'

settings:
  autoInstallPeers: true
  excludeLinksFromLockfile: false

dependencies:
  html-react-parser:
    specifier: ^5.0.6
    version: 5.0.6(react@18.2.0)

packages:

  /dom-serializer@2.0.0:
    resolution: {integrity: sha512-wIkAryiqt/nV5EQKqQpo3SToSOV9J0DnbJqwK7Wv/Trc92zIAYZ4FlMu+JPFW1DfGFt81ZTCGgDEabffXeLyJg==}
    dependencies:
      domelementtype: 2.3.0
      domhandler: 5.0.3
      entities: 4.5.0
    dev: false

  /domelementtype@2.3.0:
    resolution: {integrity: sha512-OLETBj6w0OsagBwdXnPdN0cnMfF9opN69co+7ZrbfPGrdpPVNBUj02spi6B1N7wChLQiPn4CSH/zJvXw56gmHw==}
    dev: false

  /domhandler@5.0.3:
    resolution: {integrity: sha512-cgwlv/1iFQiFnU96XXgROh8xTeetsnJiDsTc7TYCLFd9+/WNkIqPTxiM/8pSd8VIrhXGTf1Ny1q1hquVqDJB5w==}
    engines: {node: '>= 4'}
    dependencies:
      domelementtype: 2.3.0
    dev: false

  /domutils@3.1.0:
    resolution: {integrity: sha512-H78uMmQtI2AhgDJjWeQmHwJJ2bLPD3GMmO7Zja/ZZh84wkm+4ut+IUnUdRa8uCGX88DiVx1j6FRe1XfxEgjEZA==}
    dependencies:
      dom-serializer: 2.0.0
      domelementtype: 2.3.0
      domhandler: 5.0.3
    dev: false

  /entities@4.5.0:
    resolution: {integrity: sha512-V0hjH4dGPh9Ao5p0MoRY6BVqtwCjhz6vI5LT8AJ55H+4g9/4vbHx1I54fS0XuclLhDHArPQCiMjDxjaL8fPxhw==}
    engines: {node: '>=0.12'}
    dev: false

  /html-dom-parser@5.0.4:
    resolution: {integrity: sha512-azy8THLKd4Ar0OVJpEgX+MSjYvKdNDWlGiRBIlovMqEQYMAnLLXBhhiSwjylDD3RDdcCYT8Utg6uoRDeLHUyHg==}
    dependencies:
      domhandler: 5.0.3
      htmlparser2: 9.0.0
    dev: false

  /html-react-parser@5.0.6(react@18.2.0):
    resolution: {integrity: sha512-aPSzFhO2bK/L/mYQbMwFz+1QG8nhxozbwENt/52HTApasrBvDX87MFD5uSQIjq7Io0bnKzH4uh7PM42zZ4ag9A==}
    peerDependencies:
      react: 0.14 || 15 || 16 || 17 || 18
    dependencies:
      domhandler: 5.0.3
      html-dom-parser: 5.0.4
      react: 18.2.0
      react-property: 2.0.2
      style-to-js: 1.1.9
    dev: false

  /htmlparser2@9.0.0:
    resolution: {integrity: sha512-uxbSI98wmFT/G4P2zXx4OVx04qWUmyFPrD2/CNepa2Zo3GPNaCaaxElDgwUrwYWkK1nr9fft0Ya8dws8coDLLQ==}
    dependencies:
      domelementtype: 2.3.0
      domhandler: 5.0.3
      domutils: 3.1.0
      entities: 4.5.0
    dev: false

  /inline-style-parser@0.2.2:
    resolution: {integrity: sha512-EcKzdTHVe8wFVOGEYXiW9WmJXPjqi1T+234YpJr98RiFYKHV3cdy1+3mkTE+KHTHxFFLH51SfaGOoUdW+v7ViQ==}
    dev: false

  /js-tokens@4.0.0:
    resolution: {integrity: sha512-RdJUflcE3cUzKiMqQgsCu06FPu9UdIJO0beYbPhHN4k6apgJtifcoCtT9bcxOpYBtpD2kCM6Sbzg4CausW/PKQ==}
    dev: false

  /loose-envify@1.4.0:
    resolution: {integrity: sha512-lyuxPGr/Wfhrlem2CL/UcnUc1zcqKAImBDzukY7Y5F/yQiNdko6+fRLevlw1HgMySw7f611UIY408EtxRSoK3Q==}
    hasBin: true
    dependencies:
      js-tokens: 4.0.0
    dev: false

  /react-property@2.0.2:
    resolution: {integrity: sha512-+PbtI3VuDV0l6CleQMsx2gtK0JZbZKbpdu5ynr+lbsuvtmgbNcS3VM0tuY2QjFNOcWxvXeHjDpy42RO+4U2rug==}
    dev: false

  /react@18.2.0:
    resolution: {integrity: sha512-/3IjMdb2L9QbBdWiW5e3P2/npwMBaU9mHCSCUzNln0ZCYbcfTsGbTJrU/kGemdH2IWmB2ioZ+zkxtmq6g09fGQ==}
    engines: {node: '>=0.10.0'}
    dependencies:
      loose-envify: 1.4.0
    dev: false

  /style-to-js@1.1.9:
    resolution: {integrity: sha512-6bkwhOlPOx+wKiHVlPTHjUqM4zDKv9pyccehB8zetZL0hhQ7MVp7UEWUsohjiMdxwhSsEdjMrEve+8qzUVmY4w==}
    dependencies:
      style-to-object: 1.0.4
    dev: false

  /style-to-object@1.0.4:
    resolution: {integrity: sha512-KyNO6mfijxSnypdvEjeXlhvbGPSh0l1zBJp80n+ncBQvrEbSwBHwZCpo0xz6Q4AKSPfXowWwypCBAUAdfz3rFQ==}
    dependencies:
      inline-style-parser: 0.2.2
    dev: false
